# This file is generated by running "yarn install" inside your project.
# Manual changes might be lost - proceed with caution!

__metadata:
  version: 4
  cacheKey: 8

"@acusti/components@workspace:packages/components":
  version: 0.0.0-use.local
  resolution: "@acusti/components@workspace:packages/components"
  languageName: unknown
  linkType: soft

"@acusti/uikit@workspace:.":
  version: 0.0.0-use.local
  resolution: "@acusti/uikit@workspace:."
  dependencies:
    prettier: ^2.2.1
  languageName: unknown
  linkType: soft

"@acusti/utils@workspace:packages/utils":
  version: 0.0.0-use.local
  resolution: "@acusti/utils@workspace:packages/utils"
  languageName: unknown
  linkType: soft

"prettier@npm:^2.2.1":
  version: 2.2.1
  resolution: "prettier@npm:2.2.1"
  bin:
    prettier: bin-prettier.js
  checksum: 800de2df3d37067ab24478c7f32c60ca0c57b01742133287829feeb4a70d239a7bf6bccb56196784777af591ad80fb9ba70c1a49b0fcecf9f5622a764d513edb
  languageName: node
  linkType: hard
